
Microsoft Visual Studio Solution File, Format Version 12.00
# Visual Studio Version 16
VisualStudioVersion = 16.0.30114.105
MinimumVisualStudioVersion = 10.0.40219.1
Project("{FAE04EC0-301F-11D3-BF4B-00C04F79EFBC}") = "Calculator", "Calculator\Calculator.csproj", "{6820B895-7D3C-4BFC-B4FD-456CA0DA0C67}"
EndProject
Global
	GlobalSection(SolutionConfigurationPlatforms) = preSolution
		Debug|Any CPU = Debug|Any CPU
		Release|Any CPU = Release|Any CPU
	EndGlobalSection
	GlobalSection(ProjectConfigurationPlatforms) = postSolution
		{6820B895-7D3C-4BFC-B4FD-456CA0DA0C67}.Debug|Any CPU.ActiveCfg = Debug|Any CPU
		{6820B895-7D3C-4BFC-B4FD-456CA0DA0C67}.Debug|Any CPU.Build.0 = Debug|Any CPU
		{6820B895-7D3C-4BFC-B4FD-456CA0DA0C67}.Release|Any CPU.ActiveCfg = Release|Any CPU
		{6820B895-7D3C-4BFC-B4FD-456CA0DA0C67}.Release|Any CPU.Build.0 = Release|Any CPU
	EndGlobalSection
	GlobalSection(SolutionProperties) = preSolution
		HideSolutionNode = FALSE
	EndGlobalSection
	GlobalSection(ExtensibilityGlobals) = postSolution
		SolutionGuid = {306F5262-ED3B-49D8-9C63-F2B9382F8D5B}
	EndGlobalSection
EndGlobal
